// !$*UTF8*$!
{
	archiveVersion = 1;
	classes = {
	};
	objectVersion = 77;
	objects = {

/* Begin PBXBuildFile section */
		CBB574342F55134400BAE9AF /* Assets.xcassets in Resources */ = {isa = PBXBuildFile; fileRef = CBB5742F2F55134400BAE9AF /* Assets.xcassets */; };
		CBB574352F55134400BAE9AF /* README.md in Resources */ = {isa = PBXBuildFile; fileRef = CBB574322F55134400BAE9AF /* README.md */; };
		CBB574372F55134400BAE9AF /* PointManager.swift in Sources */ = {isa = PBXBuildFile; fileRef = CBB574242F55134400BAE9AF /* PointManager.swift */; };
		CBB574382F55134400BAE9AF /* Configuration.swift in Sources */ = {isa = PBXBuildFile; fileRef = CBB574212F55134400BAE9AF /* Configuration.swift */; };
		CBB574392F55134400BAE9AF /* StoryType.swift in Sources */ = {isa = PBXBuildFile; fileRef = CBB5741B2F55134400BAE9AF /* StoryType.swift */; };
		CBB5743A2F55134400BAE9AF /* APIService.swift in Sources */ = {isa = PBXBuildFile; fileRef = CBB5741F2F55134400BAE9AF /* APIService.swift */; };
		CBB5743B2F55134400BAE9AF /* KeychainService.swift in Sources */ = {isa = PBXBuildFile; fileRef = CBB574232F55134400BAE9AF /* KeychainService.swift */; };
		CBB5743C2F55134400BAE9AF /* APIError.swift in Sources */ = {isa = PBXBuildFile; fileRef = CBB5741E2F55134400BAE9AF /* APIError.swift */; };
		CBB5743D2F55134400BAE9AF /* StoryDetailView.swift in Sources */ = {isa = PBXBuildFile; fileRef = CBB5742D2F55134400BAE9AF /* StoryDetailView.swift */; };
		CBB5743E2F55134400BAE9AF /* APIConfig.swift in Sources */ = {isa = PBXBuildFile; fileRef = CBB5741D2F55134400BAE9AF /* APIConfig.swift */; };
		CBB5743F2F55134400BAE9AF /* OnboardingView.swift in Sources */ = {isa = PBXBuildFile; fileRef = CBB5742A2F55134400BAE9AF /* OnboardingView.swift */; };
		CBB574402F55134400BAE9AF /* AuthStore.swift in Sources */ = {isa = PBXBuildFile; fileRef = CBB574202F55134400BAE9AF /* AuthStore.swift */; };
		CBB574412F55134400BAE9AF /* ImageResizer.swift in Sources */ = {isa = PBXBuildFile; fileRef = CBB574222F55134400BAE9AF /* ImageResizer.swift */; };
		CBB574422F55134400BAE9AF /* ContentView.swift in Sources */ = {isa = PBXBuildFile; fileRef = CBB574282F55134400BAE9AF /* ContentView.swift */; };
		CBB574432F55134400BAE9AF /* StoreView.swift in Sources */ = {isa = PBXBuildFile; fileRef = CBB5742C2F55134400BAE9AF /* StoreView.swift */; };
		CBB574442F55134400BAE9AF /* ImagePicker.swift in Sources */ = {isa = PBXBuildFile; fileRef = CBB574292F55134400BAE9AF /* ImagePicker.swift */; };
		CBB574452F55134400BAE9AF /* Story.swift in Sources */ = {isa = PBXBuildFile; fileRef = CBB5741A2F55134400BAE9AF /* Story.swift */; };
		CBB574462F55134400BAE9AF /* SavedStoriesView.swift in Sources */ = {isa = PBXBuildFile; fileRef = CBB5742B2F55134400BAE9AF /* SavedStoriesView.swift */; };
		CBB574472F55134400BAE9AF /* StoreManager.swift in Sources */ = {isa = PBXBuildFile; fileRef = CBB574262F55134400BAE9AF /* StoreManager.swift */; };
		CBB574482F55134400BAE9AF /* StorageManager.swift in Sources */ = {isa = PBXBuildFile; fileRef = CBB574252F55134400BAE9AF /* StorageManager.swift */; };
		CBB574492F55134400BAE9AF /* ButterflyAIStoriesApp.swift in Sources */ = {isa = PBXBuildFile; fileRef = CBB574302F55134400BAE9AF /* ButterflyAIStoriesApp.swift */; };
/* End PBXBuildFile section */

/* Begin PBXFileReference section */
		CBB5740C2F5512E000BAE9AF /* Butterfly AI Stories.app */ = {isa = PBXFileReference; explicitFileType = wrapper.application; includeInIndex = 0; path = "Butterfly AI Stories.app"; sourceTree = BUILT_PRODUCTS_DIR; };
		CBB5741A2F55134400BAE9AF /* Story.swift */ = {isa = PBXFileReference; lastKnownFileType = sourcecode.swift; path = Story.swift; sourceTree = "<group>"; };
		CBB5741B2F55134400BAE9AF /* StoryType.swift */ = {isa = PBXFileReference; lastKnownFileType = sourcecode.swift; path = StoryType.swift; sourceTree = "<group>"; };
		CBB5741D2F55134400BAE9AF /* APIConfig.swift */ = {isa = PBXFileReference; lastKnownFileType = sourcecode.swift; path = APIConfig.swift; sourceTree = "<group>"; };
		CBB5741E2F55134400BAE9AF /* APIError.swift */ = {isa = PBXFileReference; lastKnownFileType = sourcecode.swift; path = APIError.swift; sourceTree = "<group>"; };
		CBB5741F2F55134400BAE9AF /* APIService.swift */ = {isa = PBXFileReference; lastKnownFileType = sourcecode.swift; path = APIService.swift; sourceTree = "<group>"; };
		CBB574202F55134400BAE9AF /* AuthStore.swift */ = {isa = PBXFileReference; lastKnownFileType = sourcecode.swift; path = AuthStore.swift; sourceTree = "<group>"; };
		CBB574212F55134400BAE9AF /* Configuration.swift */ = {isa = PBXFileReference; lastKnownFileType = sourcecode.swift; path = Configuration.swift; sourceTree = "<group>"; };
		CBB574222F55134400BAE9AF /* ImageResizer.swift */ = {isa = PBXFileReference; lastKnownFileType = sourcecode.swift; path = ImageResizer.swift; sourceTree = "<group>"; };
		CBB574232F55134400BAE9AF /* KeychainService.swift */ = {isa = PBXFileReference; lastKnownFileType = sourcecode.swift; path = KeychainService.swift; sourceTree = "<group>"; };
		CBB574242F55134400BAE9AF /* PointManager.swift */ = {isa = PBXFileReference; lastKnownFileType = sourcecode.swift; path = PointManager.swift; sourceTree = "<group>"; };
		CBB574252F55134400BAE9AF /* StorageManager.swift */ = {isa = PBXFileReference; lastKnownFileType = sourcecode.swift; path = StorageManager.swift; sourceTree = "<group>"; };
		CBB574262F55134400BAE9AF /* StoreManager.swift */ = {isa = PBXFileReference; lastKnownFileType = sourcecode.swift; path = StoreManager.swift; sourceTree = "<group>"; };
		CBB574282F55134400BAE9AF /* ContentView.swift */ = {isa = PBXFileReference; lastKnownFileType = sourcecode.swift; path = ContentView.swift; sourceTree = "<group>"; };
		CBB574292F55134400BAE9AF /* ImagePicker.swift */ = {isa = PBXFileReference; lastKnownFileType = sourcecode.swift; path = ImagePicker.swift; sourceTree = "<group>"; };
		CBB5742A2F55134400BAE9AF /* OnboardingView.swift */ = {isa = PBXFileReference; lastKnownFileType = sourcecode.swift; path = OnboardingView.swift; sourceTree = "<group>"; };
		CBB5742B2F55134400BAE9AF /* SavedStoriesView.swift */ = {isa = PBXFileReference; lastKnownFileType = sourcecode.swift; path = SavedStoriesView.swift; sourceTree = "<group>"; };
		CBB5742C2F55134400BAE9AF /* StoreView.swift */ = {isa = PBXFileReference; lastKnownFileType = sourcecode.swift; path = StoreView.swift; sourceTree = "<group>"; };
		CBB5742D2F55134400BAE9AF /* StoryDetailView.swift */ = {isa = PBXFileReference; lastKnownFileType = sourcecode.swift; path = StoryDetailView.swift; sourceTree = "<group>"; };
		CBB5742F2F55134400BAE9AF /* Assets.xcassets */ = {isa = PBXFileReference; lastKnownFileType = folder.assetcatalog; path = Assets.xcassets; sourceTree = "<group>"; };
		CBB574302F55134400BAE9AF /* ButterflyAIStoriesApp.swift */ = {isa = PBXFileReference; lastKnownFileType = sourcecode.swift; path = ButterflyAIStoriesApp.swift; sourceTree = "<group>"; };
		CBB574312F55134400BAE9AF /* Info.plist */ = {isa = PBXFileReference; lastKnownFileType = text.plist.xml; path = Info.plist; sourceTree = "<group>"; };
		CBB574322F55134400BAE9AF /* README.md */ = {isa = PBXFileReference; lastKnownFileType = net.daringfireball.markdown; path = README.md; sourceTree = "<group>"; };
/* End PBXFileReference section */

/* Begin PBXFrameworksBuildPhase section */
		CBB574092F5512E000BAE9AF /* Frameworks */ = {
			isa = PBXFrameworksBuildPhase;
			buildActionMask = 2147483647;
			files = (
			);
			runOnlyForDeploymentPostprocessing = 0;
		};
/* End PBXFrameworksBuildPhase section */

/* Begin PBXGroup section */
		CBB574032F5512E000BAE9AF = {
			isa = PBXGroup;
			children = (
				CBB574332F55134400BAE9AF /* ButterflyAIStories */,
				CBB5740D2F5512E000BAE9AF /* Products */,
			);
			sourceTree = "<group>";
		};
		CBB5740D2F5512E000BAE9AF /* Products */ = {
			isa = PBXGroup;
			children = (
				CBB5740C2F5512E000BAE9AF /* Butterfly AI Stories.app */,
			);
			name = Products;
			sourceTree = "<group>";
		};
		CBB5741C2F55134400BAE9AF /* Models */ = {
			isa = PBXGroup;
			children = (
				CBB5741A2F55134400BAE9AF /* Story.swift */,
				CBB5741B2F55134400BAE9AF /* StoryType.swift */,
			);
			path = Models;
			sourceTree = "<group>";
		};
		CBB574272F55134400BAE9AF /* Services */ = {
			isa = PBXGroup;
			children = (
				CBB5741D2F55134400BAE9AF /* APIConfig.swift */,
				CBB5741E2F55134400BAE9AF /* APIError.swift */,
				CBB5741F2F55134400BAE9AF /* APIService.swift */,
				CBB574202F55134400BAE9AF /* AuthStore.swift */,
				CBB574212F55134400BAE9AF /* Configuration.swift */,
				CBB574222F55134400BAE9AF /* ImageResizer.swift */,
				CBB574232F55134400BAE9AF /* KeychainService.swift */,
				CBB574242F55134400BAE9AF /* PointManager.swift */,
				CBB574252F55134400BAE9AF /* StorageManager.swift */,
				CBB574262F55134400BAE9AF /* StoreManager.swift */,
			);
			path = Services;
			sourceTree = "<group>";
		};
		CBB5742E2F55134400BAE9AF /* Views */ = {
			isa = PBXGroup;
			children = (
				CBB574282F55134400BAE9AF /* ContentView.swift */,
				CBB574292F55134400BAE9AF /* ImagePicker.swift */,
				CBB5742A2F55134400BAE9AF /* OnboardingView.swift */,
				CBB5742B2F55134400BAE9AF /* SavedStoriesView.swift */,
				CBB5742C2F55134400BAE9AF /* StoreView.swift */,
				CBB5742D2F55134400BAE9AF /* StoryDetailView.swift */,
			);
			path = Views;
			sourceTree = "<group>";
		};
		CBB574332F55134400BAE9AF /* ButterflyAIStories */ = {
			isa = PBXGroup;
			children = (
				CBB5741C2F55134400BAE9AF /* Models */,
				CBB574272F55134400BAE9AF /* Services */,
				CBB5742E2F55134400BAE9AF /* Views */,
				CBB5742F2F55134400BAE9AF /* Assets.xcassets */,
				CBB574302F55134400BAE9AF /* ButterflyAIStoriesApp.swift */,
				CBB574312F55134400BAE9AF /* Info.plist */,
				CBB574322F55134400BAE9AF /* README.md */,
			);
			path = ButterflyAIStories;
			sourceTree = "<group>";
		};
/* End PBXGroup section */

/* Begin PBXNativeTarget section */
		CBB5740B2F5512E000BAE9AF /* Butterfly AI Stories */ = {
			isa = PBXNativeTarget;
			buildConfigurationList = CBB574172F5512E100BAE9AF /* Build configuration list for PBXNativeTarget "Butterfly AI Stories" */;
			buildPhases = (
				CBB574082F5512E000BAE9AF /* Sources */,
				CBB574092F5512E000BAE9AF /* Frameworks */,
				CBB5740A2F5512E000BAE9AF /* Resources */,
			);
			buildRules = (
			);
			dependencies = (
			);
			name = "Butterfly AI Stories";
			packageProductDependencies = (
			);
			productName = "Butterfly AI Stories";
			productReference = CBB5740C2F5512E000BAE9AF /* Butterfly AI Stories.app */;
			productType = "com.apple.product-type.application";
		};
/* End PBXNativeTarget section */

/* Begin PBXProject section */
		CBB574042F5512E000BAE9AF /* Project object */ = {
			isa = PBXProject;
			attributes = {
				BuildIndependentTargetsInParallel = 1;
				LastSwiftUpdateCheck = 2620;
				LastUpgradeCheck = 2620;
				TargetAttributes = {
					CBB5740B2F5512E000BAE9AF = {
						CreatedOnToolsVersion = 26.2;
					};
				};
			};
			buildConfigurationList = CBB574072F5512E000BAE9AF /* Build configuration list for PBXProject "Butterfly AI Stories" */;
			developmentRegion = en;
			hasScannedForEncodings = 0;
			knownRegions = (
				en,
				Base,
			);
			mainGroup = CBB574032F5512E000BAE9AF;
			minimizedProjectReferenceProxies = 1;
			preferredProjectObjectVersion = 77;
			productRefGroup = CBB5740D2F5512E000BAE9AF /* Products */;
			projectDirPath = "";
			projectRoot = "";
			targets = (
				CBB5740B2F5512E000BAE9AF /* Butterfly AI Stories */,
			);
		};
/* End PBXProject section */

/* Begin PBXResourcesBuildPhase section */
		CBB5740A2F5512E000BAE9AF /* Resources */ = {
			isa = PBXResourcesBuildPhase;
			buildActionMask = 2147483647;
			files = (
				CBB574342F55134400BAE9AF /* Assets.xcassets in Resources */,
				CBB574352F55134400BAE9AF /* README.md in Resources */,
			);
			runOnlyForDeploymentPostprocessing = 0;
		};
/* End PBXResourcesBuildPhase section */

/* Begin PBXSourcesBuildPhase section */
		CBB574082F5512E000BAE9AF /* Sources */ = {
			isa = PBXSourcesBuildPhase;
			buildActionMask = 2147483647;
			files = (
				CBB574372F55134400BAE9AF /* PointManager.swift in Sources */,
				CBB574382F55134400BAE9AF /* Configuration.swift in Sources */,
				CBB574392F55134400BAE9AF /* StoryType.swift in Sources */,
				CBB5743A2F55134400BAE9AF /* APIService.swift in Sources */,
				CBB5743B2F55134400BAE9AF /* KeychainService.swift in Sources */,
				CBB5743C2F55134400BAE9AF /* APIError.swift in Sources */,
				CBB5743D2F55134400BAE9AF /* StoryDetailView.swift in Sources */,
				CBB5743E2F55134400BAE9AF /* APIConfig.swift in Sources */,
				CBB5743F2F55134400BAE9AF /* OnboardingView.swift in Sources */,
				CBB574402F55134400BAE9AF /* AuthStore.swift in Sources */,
				CBB574412F55134400BAE9AF /* ImageResizer.swift in Sources */,
				CBB574422F55134400BAE9AF /* ContentView.swift in Sources */,
				CBB574432F55134400BAE9AF /* StoreView.swift in Sources */,
				CBB574442F55134400BAE9AF /* ImagePicker.swift in Sources */,
				CBB574452F55134400BAE9AF /* Story.swift in Sources */,
				CBB574462F55134400BAE9AF /* SavedStoriesView.swift in Sources */,
				CBB574472F55134400BAE9AF /* StoreManager.swift in Sources */,
				CBB574482F55134400BAE9AF /* StorageManager.swift in Sources */,
				CBB574492F55134400BAE9AF /* ButterflyAIStoriesApp.swift in Sources */,
			);
			runOnlyForDeploymentPostprocessing = 0;
		};
/* End PBXSourcesBuildPhase section */

/* Begin XCBuildConfiguration section */
		CBB574152F5512E100BAE9AF /* Debug */ = {
			isa = XCBuildConfiguration;
			buildSettings = {
				ALWAYS_SEARCH_USER_PATHS = NO;
				ASSETCATALOG_COMPILER_GENERATE_SWIFT_ASSET_SYMBOL_EXTENSIONS = YES;
				CLANG_ANALYZER_NONNULL = YES;
				CLANG_ANALYZER_NUMBER_OBJECT_CONVERSION = YES_AGGRESSIVE;
				CLANG_CXX_LANGUAGE_STANDARD = "gnu++20";
				CLANG_ENABLE_MODULES = YES;
				CLANG_ENABLE_OBJC_ARC = YES;
				CLANG_ENABLE_OBJC_WEAK = YES;
				CLANG_WARN_BLOCK_CAPTURE_AUTORELEASING = YES;
				CLANG_WARN_BOOL_CONVERSION = YES;
				CLANG_WARN_COMMA = YES;
				CLANG_WARN_CONSTANT_CONVERSION = YES;
				CLANG_WARN_DEPRECATED_OBJC_IMPLEMENTATIONS = YES;
				CLANG_WARN_DIRECT_OBJC_ISA_USAGE = YES_ERROR;
				CLANG_WARN_DOCUMENTATION_COMMENTS = YES;
				CLANG_WARN_EMPTY_BODY = YES;
				CLANG_WARN_ENUM_CONVERSION = YES;
				CLANG_WARN_INFINITE_RECURSION = YES;
				CLANG_WARN_INT_CONVERSION = YES;
				CLANG_WARN_NON_LITERAL_NULL_CONVERSION = YES;
				CLANG_WARN_OBJC_IMPLICIT_RETAIN_SELF = YES;
				CLANG_WARN_OBJC_LITERAL_CONVERSION = YES;
				CLANG_WARN_OBJC_ROOT_CLASS = YES_ERROR;
				CLANG_WARN_QUOTED_INCLUDE_IN_FRAMEWORK_HEADER = YES;
				CLANG_WARN_RANGE_LOOP_ANALYSIS = YES;
				CLANG_WARN_STRICT_PROTOTYPES = YES;
				CLANG_WARN_SUSPICIOUS_MOVE = YES;
				CLANG_WARN_UNGUARDED_AVAILABILITY = YES_AGGRESSIVE;
				CLANG_WARN_UNREACHABLE_CODE = YES;
				CLANG_WARN__DUPLICATE_METHOD_MATCH = YES;
				COPY_PHASE_STRIP = NO;
				DEBUG_INFORMATION_FORMAT = dwarf;
				DEVELOPMENT_TEAM = KU2H6EHB8A;
				ENABLE_STRICT_OBJC_MSGSEND = YES;
				ENABLE_TESTABILITY = YES;
				ENABLE_USER_SCRIPT_SANDBOXING = YES;
				GCC_C_LANGUAGE_STANDARD = gnu17;
				GCC_DYNAMIC_NO_PIC = NO;
				GCC_NO_COMMON_BLOCKS = YES;
				GCC_OPTIMIZATION_LEVEL = 0;
				GCC_PREPROCESSOR_DEFINITIONS = (
					"DEBUG=1",
					"$(inherited)",
				);
				GCC_WARN_64_TO_32_BIT_CONVERSION = YES;
				GCC_WARN_ABOUT_RETURN_TYPE = YES_ERROR;
				GCC_WARN_UNDECLARED_SELECTOR = YES;
				GCC_WARN_UNINITIALIZED_AUTOS = YES_AGGRESSIVE;
				GCC_WARN_UNUSED_FUNCTION = YES;
				GCC_WARN_UNUSED_VARIABLE = YES;
				IPHONEOS_DEPLOYMENT_TARGET = 16.0;
				LOCALIZATION_PREFERS_STRING_CATALOGS = YES;
				MTL_ENABLE_DEBUG_INFO = INCLUDE_SOURCE;
				MTL_FAST_MATH = YES;
				ONLY_ACTIVE_ARCH = YES;
				SDKROOT = iphoneos;
				SWIFT_ACTIVE_COMPILATION_CONDITIONS = "DEBUG $(inherited)";
				SWIFT_OPTIMIZATION_LEVEL = "-Onone";
			};
			name = Debug;
		};
		CBB574162F5512E100BAE9AF /* Release */ = {
			isa = XCBuildConfiguration;
			buildSettings = {
				ALWAYS_SEARCH_USER_PATHS = NO;
				ASSETCATALOG_COMPILER_GENERATE_SWIFT_ASSET_SYMBOL_EXTENSIONS = YES;
				CLANG_ANALYZER_NONNULL = YES;
				CLANG_ANALYZER_NUMBER_OBJECT_CONVERSION = YES_AGGRESSIVE;
				CLANG_CXX_LANGUAGE_STANDARD = "gnu++20";
				CLANG_ENABLE_MODULES = YES;
				CLANG_ENABLE_OBJC_ARC = YES;
				CLANG_ENABLE_OBJC_WEAK = YES;
				CLANG_WARN_BLOCK_CAPTURE_AUTORELEASING = YES;
				CLANG_WARN_BOOL_CONVERSION = YES;
				CLANG_WARN_COMMA = YES;
				CLANG_WARN_CONSTANT_CONVERSION = YES;
				CLANG_WARN_DEPRECATED_OBJC_IMPLEMENTATIONS = YES;
				CLANG_WARN_DIRECT_OBJC_ISA_USAGE = YES_ERROR;
				CLANG_WARN_DOCUMENTATION_COMMENTS = YES;
				CLANG_WARN_EMPTY_BODY = YES;
				CLANG_WARN_ENUM_CONVERSION = YES;
				CLANG_WARN_INFINITE_RECURSION = YES;
				CLANG_WARN_INT_CONVERSION = YES;
				CLANG_WARN_NON_LITERAL_NULL_CONVERSION = YES;
				CLANG_WARN_OBJC_IMPLICIT_RETAIN_SELF = YES;
				CLANG_WARN_OBJC_LITERAL_CONVERSION = YES;
				CLANG_WARN_OBJC_ROOT_CLASS = YES_ERROR;
				CLANG_WARN_QUOTED_INCLUDE_IN_FRAMEWORK_HEADER = YES;
				CLANG_WARN_RANGE_LOOP_ANALYSIS = YES;
				CLANG_WARN_STRICT_PROTOTYPES = YES;
				CLANG_WARN_SUSPICIOUS_MOVE = YES;
				CLANG_WARN_UNGUARDED_AVAILABILITY = YES_AGGRESSIVE;
				CLANG_WARN_UNREACHABLE_CODE = YES;
				CLANG_WARN__DUPLICATE_METHOD_MATCH = YES;
				COPY_PHASE_STRIP = NO;
				DEBUG_INFORMATION_FORMAT = "dwarf-with-dsym";
				DEVELOPMENT_TEAM = KU2H6EHB8A;
				ENABLE_NS_ASSERTIONS = NO;
				ENABLE_STRICT_OBJC_MSGSEND = YES;
				ENABLE_USER_SCRIPT_SANDBOXING = YES;
				GCC_C_LANGUAGE_STANDARD = gnu17;
				GCC_NO_COMMON_BLOCKS = YES;
				GCC_WARN_64_TO_32_BIT_CONVERSION = YES;
				GCC_WARN_ABOUT_RETURN_TYPE = YES_ERROR;
				GCC_WARN_UNDECLARED_SELECTOR = YES;
				GCC_WARN_UNINITIALIZED_AUTOS = YES_AGGRESSIVE;
				GCC_WARN_UNUSED_FUNCTION = YES;
				GCC_WARN_UNUSED_VARIABLE = YES;
				IPHONEOS_DEPLOYMENT_TARGET = 16.0;
				LOCALIZATION_PREFERS_STRING_CATALOGS = YES;
				MTL_ENABLE_DEBUG_INFO = NO;
				MTL_FAST_MATH = YES;
				SDKROOT = iphoneos;
				SWIFT_COMPILATION_MODE = wholemodule;
				VALIDATE_PRODUCT = YES;
			};
			name = Release;
		};
		CBB574182F5512E100BAE9AF /* Debug */ = {
			isa = XCBuildConfiguration;
			buildSettings = {
				ASSETCATALOG_COMPILER_APPICON_NAME = AppIcon;
				ASSETCATALOG_COMPILER_GLOBAL_ACCENT_COLOR_NAME = AccentColor;
				ASSETCATALOG_COMPILER_INCLUDE_ALL_APPICON_ASSETS = NO;
				CODE_SIGN_STYLE = Automatic;
				CURRENT_PROJECT_VERSION = 1;
				DEVELOPMENT_TEAM = KU2H6EHB8A;
				ENABLE_PREVIEWS = YES;
				GENERATE_INFOPLIST_FILE = YES;
				INFOPLIST_FILE = ButterflyAIStories/Info.plist;
				INFOPLIST_KEY_UIApplicationSceneManifest_Generation = YES;
				INFOPLIST_KEY_UIApplicationSupportsIndirectInputEvents = YES;
				INFOPLIST_KEY_UILaunchScreen_Generation = YES;
				INFOPLIST_KEY_UISupportedInterfaceOrientations_iPad = "UIInterfaceOrientationPortrait UIInterfaceOrientationPortraitUpsideDown UIInterfaceOrientationLandscapeLeft UIInterfaceOrientationLandscapeRight";
				INFOPLIST_KEY_UISupportedInterfaceOrientations_iPhone = "UIInterfaceOrientationPortrait UIInterfaceOrientationLandscapeLeft UIInterfaceOrientationLandscapeRight";
				LD_RUNPATH_SEARCH_PATHS = (
					"$(inherited)",
					"@executable_path/Frameworks",
				);
				MARKETING_VERSION = 1.0;
				PRODUCT_BUNDLE_IDENTIFIER = "life.LifeTracker.Butterfly-AI-Stories";
				PRODUCT_NAME = "$(TARGET_NAME)";
				STRING_CATALOG_GENERATE_SYMBOLS = YES;
				SWIFT_APPROACHABLE_CONCURRENCY = YES;
				SWIFT_DEFAULT_ACTOR_ISOLATION = MainActor;
				SWIFT_EMIT_LOC_STRINGS = YES;
				SWIFT_UPCOMING_FEATURE_MEMBER_IMPORT_VISIBILITY = YES;
				SWIFT_VERSION = 5.0;
				TARGETED_DEVICE_FAMILY = "1,2";
			};
			name = Debug;
		};
		CBB574192F5512E100BAE9AF /* Release */ = {
			isa = XCBuildConfiguration;
			buildSettings = {
				ASSETCATALOG_COMPILER_APPICON_NAME = AppIcon;
				ASSETCATALOG_COMPILER_GLOBAL_ACCENT_COLOR_NAME = AccentColor;
				ASSETCATALOG_COMPILER_INCLUDE_ALL_APPICON_ASSETS = NO;
				CODE_SIGN_STYLE = Automatic;
				CURRENT_PROJECT_VERSION = 1;
				DEVELOPMENT_TEAM = KU2H6EHB8A;
				ENABLE_PREVIEWS = YES;
				GENERATE_INFOPLIST_FILE = YES;
				INFOPLIST_FILE = ButterflyAIStories/Info.plist;
				INFOPLIST_KEY_UIApplicationSceneManifest_Generation = YES;
				INFOPLIST_KEY_UIApplicationSupportsIndirectInputEvents = YES;
				INFOPLIST_KEY_UILaunchScreen_Generation = YES;
				INFOPLIST_KEY_UISupportedInterfaceOrientations_iPad = "UIInterfaceOrientationPortrait UIInterfaceOrientationPortraitUpsideDown UIInterfaceOrientationLandscapeLeft UIInterfaceOrientationLandscapeRight";
				INFOPLIST_KEY_UISupportedInterfaceOrientations_iPhone = "UIInterfaceOrientationPortrait UIInterfaceOrientationLandscapeLeft UIInterfaceOrientationLandscapeRight";
				LD_RUNPATH_SEARCH_PATHS = (
					"$(inherited)",
					"@executable_path/Frameworks",
				);
				MARKETING_VERSION = 1.0;
				PRODUCT_BUNDLE_IDENTIFIER = "life.LifeTracker.Butterfly-AI-Stories";
				PRODUCT_NAME = "$(TARGET_NAME)";
				STRING_CATALOG_GENERATE_SYMBOLS = YES;
				SWIFT_APPROACHABLE_CONCURRENCY = YES;
				SWIFT_DEFAULT_ACTOR_ISOLATION = MainActor;
				SWIFT_EMIT_LOC_STRINGS = YES;
				SWIFT_UPCOMING_FEATURE_MEMBER_IMPORT_VISIBILITY = YES;
				SWIFT_VERSION = 5.0;
				TARGETED_DEVICE_FAMILY = "1,2";
			};
			name = Release;
		};
/* End XCBuildConfiguration section */

/* Begin XCConfigurationList section */
		CBB574072F5512E000BAE9AF /* Build configuration list for PBXProject "Butterfly AI Stories" */ = {
			isa = XCConfigurationList;
			buildConfigurations = (
				CBB574152F5512E100BAE9AF /* Debug */,
				CBB574162F5512E100BAE9AF /* Release */,
			);
			defaultConfigurationIsVisible = 0;
			defaultConfigurationName = Release;
		};
		CBB574172F5512E100BAE9AF /* Build configuration list for PBXNativeTarget "Butterfly AI Stories" */ = {
			isa = XCConfigurationList;
			buildConfigurations = (
				CBB574182F5512E100BAE9AF /* Debug */,
				CBB574192F5512E100BAE9AF /* Release */,
			);
			defaultConfigurationIsVisible = 0;
			defaultConfigurationName = Release;
		};
/* End XCConfigurationList section */
	};
	rootObject = CBB574042F5512E000BAE9AF /* Project object */;
}
